
Microsoft Visual Studio Solution File, Format Version 12.00
# Visual Studio Version 17
VisualStudioVersion = 17.8.34330.188
MinimumVisualStudioVersion = 10.0.40219.1
Project("{2150E333-8FDC-42A3-9474-1A3956D46DE8}") = "src", "src", "{1B741587-2984-4E58-A138-8FCAFB095D26}"
EndProject
Project("{2150E333-8FDC-42A3-9474-1A3956D46DE8}") = "API", "API", "{B74DC163-BC70-4AE7-AD02-663B6DC40AB2}"
EndProject
Project("{2150E333-8FDC-42A3-9474-1A3956D46DE8}") = "Core", "Core", "{C19BA70C-A1BE-4D73-A36E-7C9B07D79784}"
EndProject
Project("{2150E333-8FDC-42A3-9474-1A3956D46DE8}") = "Infrastructure", "Infrastructure", "{D9436CBC-24E3-4007-8C2C-201FAFB707F7}"
EndProject
Project("{2150E333-8FDC-42A3-9474-1A3956D46DE8}") = "UI", "UI", "{CBF0D4F2-F705-445E-906E-9D7773A06687}"
EndProject
Project("{9A19103F-16F7-4668-BE54-9A1E7A4F7556}") = "EzioLearning.Api", "src\EzioLearning.Api\EzioLearning.Api.csproj", "{2E28BF3F-8974-47E1-9771-D722E1E9595C}"
EndProject
Project("{9A19103F-16F7-4668-BE54-9A1E7A4F7556}") = "EzioLearning.Core", "src\EzioLearning.Core\EzioLearning.Core.csproj", "{BA855EE4-3E1E-4E33-AED8-73B3F7579954}"
EndProject
Project("{9A19103F-16F7-4668-BE54-9A1E7A4F7556}") = "EzioLearning.Domain", "src\EzioLearning.Domain\EzioLearning.Domain.csproj", "{42F29C93-6AB2-4C15-9263-C0E8661FFDDC}"
EndProject
Project("{9A19103F-16F7-4668-BE54-9A1E7A4F7556}") = "EzioLearning.Infrastructure", "src\EzioLearning.Infrastructure\EzioLearning.Infrastructure.csproj", "{6E62BCB7-12D8-4342-A10F-B3EC502DF49D}"
EndProject
Project("{9A19103F-16F7-4668-BE54-9A1E7A4F7556}") = "EzioLearning.Wasm", "src\EzioLearning.Wasm\EzioLearning.Wasm.csproj", "{6CC4BAF8-F3CB-41A9-B0C3-B6BD30834174}"
EndProject
Project("{2150E333-8FDC-42A3-9474-1A3956D46DE8}") = "Share", "Share", "{63DBBDAE-65A4-4124-B5E7-B0203CC8A1FA}"
EndProject
Project("{9A19103F-16F7-4668-BE54-9A1E7A4F7556}") = "EzioLearning.Share", "src\EzioLearning.Share\EzioLearning.Share.csproj", "{C2725151-D45D-4552-BACF-BFD0D8688399}"
EndProject
Project("{FAE04EC0-301F-11D3-BF4B-00C04F79EFBC}") = "EzioLearning.AppHost", "src\EzioLearning.AppHost\EzioLearning.AppHost.csproj", "{A845079C-C778-41A8-890A-8456B86909EF}"
EndProject
Project("{9A19103F-16F7-4668-BE54-9A1E7A4F7556}") = "EzioLearning.ServiceDefaults", "src\EzioLearning.ServiceDefaults\EzioLearning.ServiceDefaults.csproj", "{119E57D3-8DB8-48ED-8334-230BC48B3BE4}"
EndProject
Global
	GlobalSection(SolutionConfigurationPlatforms) = preSolution
		Debug|Any CPU = Debug|Any CPU
		Release|Any CPU = Release|Any CPU
	EndGlobalSection
	GlobalSection(ProjectConfigurationPlatforms) = postSolution
		{2E28BF3F-8974-47E1-9771-D722E1E9595C}.Debug|Any CPU.ActiveCfg = Debug|Any CPU
		{2E28BF3F-8974-47E1-9771-D722E1E9595C}.Debug|Any CPU.Build.0 = Debug|Any CPU
		{2E28BF3F-8974-47E1-9771-D722E1E9595C}.Release|Any CPU.ActiveCfg = Release|Any CPU
		{2E28BF3F-8974-47E1-9771-D722E1E9595C}.Release|Any CPU.Build.0 = Release|Any CPU
		{BA855EE4-3E1E-4E33-AED8-73B3F7579954}.Debug|Any CPU.ActiveCfg = Debug|Any CPU
		{BA855EE4-3E1E-4E33-AED8-73B3F7579954}.Debug|Any CPU.Build.0 = Debug|Any CPU
		{BA855EE4-3E1E-4E33-AED8-73B3F7579954}.Release|Any CPU.ActiveCfg = Release|Any CPU
		{BA855EE4-3E1E-4E33-AED8-73B3F7579954}.Release|Any CPU.Build.0 = Release|Any CPU
		{42F29C93-6AB2-4C15-9263-C0E8661FFDDC}.Debug|Any CPU.ActiveCfg = Debug|Any CPU
		{42F29C93-6AB2-4C15-9263-C0E8661FFDDC}.Debug|Any CPU.Build.0 = Debug|Any CPU
		{42F29C93-6AB2-4C15-9263-C0E8661FFDDC}.Release|Any CPU.ActiveCfg = Release|Any CPU
		{42F29C93-6AB2-4C15-9263-C0E8661FFDDC}.Release|Any CPU.Build.0 = Release|Any CPU
		{6E62BCB7-12D8-4342-A10F-B3EC502DF49D}.Debug|Any CPU.ActiveCfg = Debug|Any CPU
		{6E62BCB7-12D8-4342-A10F-B3EC502DF49D}.Debug|Any CPU.Build.0 = Debug|Any CPU
		{6E62BCB7-12D8-4342-A10F-B3EC502DF49D}.Release|Any CPU.ActiveCfg = Release|Any CPU
		{6E62BCB7-12D8-4342-A10F-B3EC502DF49D}.Release|Any CPU.Build.0 = Release|Any CPU
		{6CC4BAF8-F3CB-41A9-B0C3-B6BD30834174}.Debug|Any CPU.ActiveCfg = Debug|Any CPU
		{6CC4BAF8-F3CB-41A9-B0C3-B6BD30834174}.Debug|Any CPU.Build.0 = Debug|Any CPU
		{6CC4BAF8-F3CB-41A9-B0C3-B6BD30834174}.Release|Any CPU.ActiveCfg = Release|Any CPU
		{6CC4BAF8-F3CB-41A9-B0C3-B6BD30834174}.Release|Any CPU.Build.0 = Release|Any CPU
		{C2725151-D45D-4552-BACF-BFD0D8688399}.Debug|Any CPU.ActiveCfg = Debug|Any CPU
		{C2725151-D45D-4552-BACF-BFD0D8688399}.Debug|Any CPU.Build.0 = Debug|Any CPU
		{C2725151-D45D-4552-BACF-BFD0D8688399}.Release|Any CPU.ActiveCfg = Release|Any CPU
		{C2725151-D45D-4552-BACF-BFD0D8688399}.Release|Any CPU.Build.0 = Release|Any CPU
		{A845079C-C778-41A8-890A-8456B86909EF}.Debug|Any CPU.ActiveCfg = Debug|Any CPU
		{A845079C-C778-41A8-890A-8456B86909EF}.Debug|Any CPU.Build.0 = Debug|Any CPU
		{A845079C-C778-41A8-890A-8456B86909EF}.Release|Any CPU.ActiveCfg = Release|Any CPU
		{A845079C-C778-41A8-890A-8456B86909EF}.Release|Any CPU.Build.0 = Release|Any CPU
		{119E57D3-8DB8-48ED-8334-230BC48B3BE4}.Debug|Any CPU.ActiveCfg = Debug|Any CPU
		{119E57D3-8DB8-48ED-8334-230BC48B3BE4}.Debug|Any CPU.Build.0 = Debug|Any CPU
		{119E57D3-8DB8-48ED-8334-230BC48B3BE4}.Release|Any CPU.ActiveCfg = Release|Any CPU
		{119E57D3-8DB8-48ED-8334-230BC48B3BE4}.Release|Any CPU.Build.0 = Release|Any CPU
	EndGlobalSection
	GlobalSection(SolutionProperties) = preSolution
		HideSolutionNode = FALSE
	EndGlobalSection
	GlobalSection(NestedProjects) = preSolution
		{B74DC163-BC70-4AE7-AD02-663B6DC40AB2} = {1B741587-2984-4E58-A138-8FCAFB095D26}
		{C19BA70C-A1BE-4D73-A36E-7C9B07D79784} = {1B741587-2984-4E58-A138-8FCAFB095D26}
		{D9436CBC-24E3-4007-8C2C-201FAFB707F7} = {1B741587-2984-4E58-A138-8FCAFB095D26}
		{CBF0D4F2-F705-445E-906E-9D7773A06687} = {1B741587-2984-4E58-A138-8FCAFB095D26}
		{2E28BF3F-8974-47E1-9771-D722E1E9595C} = {B74DC163-BC70-4AE7-AD02-663B6DC40AB2}
		{BA855EE4-3E1E-4E33-AED8-73B3F7579954} = {C19BA70C-A1BE-4D73-A36E-7C9B07D79784}
		{42F29C93-6AB2-4C15-9263-C0E8661FFDDC} = {C19BA70C-A1BE-4D73-A36E-7C9B07D79784}
		{6E62BCB7-12D8-4342-A10F-B3EC502DF49D} = {D9436CBC-24E3-4007-8C2C-201FAFB707F7}
		{6CC4BAF8-F3CB-41A9-B0C3-B6BD30834174} = {CBF0D4F2-F705-445E-906E-9D7773A06687}
		{63DBBDAE-65A4-4124-B5E7-B0203CC8A1FA} = {1B741587-2984-4E58-A138-8FCAFB095D26}
		{C2725151-D45D-4552-BACF-BFD0D8688399} = {63DBBDAE-65A4-4124-B5E7-B0203CC8A1FA}
	EndGlobalSection
	GlobalSection(ExtensibilityGlobals) = postSolution
		SolutionGuid = {3137E8CF-2562-48D0-A542-13E239491321}
	EndGlobalSection
EndGlobal
